
Microsoft Visual Studio Solution File, Format Version 12.00
# Visual Studio 15
VisualStudioVersion = 15.0.28307.572
MinimumVisualStudioVersion = 10.0.40219.1
Project("{FAE04EC0-301F-11D3-BF4B-00C04F79EFBC}") = "BlueTouchApp", "BlueTouchApp\BlueTouchApp.csproj", "{E7657A60-FE88-40C4-975E-1C29D0EC3627}"
EndProject
Global
	GlobalSection(SolutionConfigurationPlatforms) = preSolution
		Debug|Any CPU = Debug|Any CPU
		Release|Any CPU = Release|Any CPU
	EndGlobalSection
	GlobalSection(ProjectConfigurationPlatforms) = postSolution
		{E7657A60-FE88-40C4-975E-1C29D0EC3627}.Debug|Any CPU.ActiveCfg = Debug|Any CPU
		{E7657A60-FE88-40C4-975E-1C29D0EC3627}.Debug|Any CPU.Build.0 = Debug|Any CPU
		{E7657A60-FE88-40C4-975E-1C29D0EC3627}.Release|Any CPU.ActiveCfg = Release|Any CPU
		{E7657A60-FE88-40C4-975E-1C29D0EC3627}.Release|Any CPU.Build.0 = Release|Any CPU
	EndGlobalSection
	GlobalSection(SolutionProperties) = preSolution
		HideSolutionNode = FALSE
	EndGlobalSection
	GlobalSection(ExtensibilityGlobals) = postSolution
		SolutionGuid = {D14A4A0C-497C-4C74-BC32-02B32DE01D6C}
	EndGlobalSection
EndGlobal
